
Microsoft Visual Studio Solution File, Format Version 12.00
# Visual Studio Version 17
VisualStudioVersion = 17.3.32819.101
MinimumVisualStudioVersion = 10.0.40219.1
Project("{FAE04EC0-301F-11D3-BF4B-00C04F79EFBC}") = "CommandCentre", "CommandCentre.csproj", "{0A0F45D2-99C3-495D-A4A5-34A56DF9186B}"
EndProject
Global
	GlobalSection(SolutionConfigurationPlatforms) = preSolution
		Debug|Any CPU = Debug|Any CPU
		Release|Any CPU = Release|Any CPU
	EndGlobalSection
	GlobalSection(ProjectConfigurationPlatforms) = postSolution
		{0A0F45D2-99C3-495D-A4A5-34A56DF9186B}.Debug|Any CPU.ActiveCfg = Debug|Any CPU
		{0A0F45D2-99C3-495D-A4A5-34A56DF9186B}.Debug|Any CPU.Build.0 = Debug|Any CPU
		{0A0F45D2-99C3-495D-A4A5-34A56DF9186B}.Release|Any CPU.ActiveCfg = Release|Any CPU
		{0A0F45D2-99C3-495D-A4A5-34A56DF9186B}.Release|Any CPU.Build.0 = Release|Any CPU
	EndGlobalSection
	GlobalSection(SolutionProperties) = preSolution
		HideSolutionNode = FALSE
	EndGlobalSection
	GlobalSection(ExtensibilityGlobals) = postSolution
		SolutionGuid = {FD008AB5-3F54-4C2B-AC2C-E46263924E2B}
	EndGlobalSection
EndGlobal
